
Microsoft Visual Studio Solution File, Format Version 12.00
# Visual Studio 15
VisualStudioVersion = 15.0.27703.2042
MinimumVisualStudioVersion = 10.0.40219.1
Project("{FAE04EC0-301F-11D3-BF4B-00C04F79EFBC}") = "Räknare", "Räknare\Räknare.csproj", "{84818370-AC90-4D7A-B003-D1CC44FC5E1B}"
EndProject
Global
	GlobalSection(SolutionConfigurationPlatforms) = preSolution
		Debug|Any CPU = Debug|Any CPU
		Release|Any CPU = Release|Any CPU
	EndGlobalSection
	GlobalSection(ProjectConfigurationPlatforms) = postSolution
		{84818370-AC90-4D7A-B003-D1CC44FC5E1B}.Debug|Any CPU.ActiveCfg = Debug|Any CPU
		{84818370-AC90-4D7A-B003-D1CC44FC5E1B}.Debug|Any CPU.Build.0 = Debug|Any CPU
		{84818370-AC90-4D7A-B003-D1CC44FC5E1B}.Release|Any CPU.ActiveCfg = Release|Any CPU
		{84818370-AC90-4D7A-B003-D1CC44FC5E1B}.Release|Any CPU.Build.0 = Release|Any CPU
	EndGlobalSection
	GlobalSection(SolutionProperties) = preSolution
		HideSolutionNode = FALSE
	EndGlobalSection
	GlobalSection(ExtensibilityGlobals) = postSolution
		SolutionGuid = {3A957543-51BE-4D38-8E97-ADB8ECB16393}
	EndGlobalSection
EndGlobal
