
Microsoft Visual Studio Solution File, Format Version 12.00
# Visual Studio 15
VisualStudioVersion = 15.0.27703.2042
MinimumVisualStudioVersion = 10.0.40219.1
Project("{FAE04EC0-301F-11D3-BF4B-00C04F79EFBC}") = "10.5 Product list with dictionary", "10.5 Product list with dictionary\10.5 Product list with dictionary.csproj", "{CE82710D-4215-461B-8BC1-CEEEDA025B86}"
EndProject
Global
	GlobalSection(SolutionConfigurationPlatforms) = preSolution
		Debug|Any CPU = Debug|Any CPU
		Release|Any CPU = Release|Any CPU
	EndGlobalSection
	GlobalSection(ProjectConfigurationPlatforms) = postSolution
		{CE82710D-4215-461B-8BC1-CEEEDA025B86}.Debug|Any CPU.ActiveCfg = Debug|Any CPU
		{CE82710D-4215-461B-8BC1-CEEEDA025B86}.Debug|Any CPU.Build.0 = Debug|Any CPU
		{CE82710D-4215-461B-8BC1-CEEEDA025B86}.Release|Any CPU.ActiveCfg = Release|Any CPU
		{CE82710D-4215-461B-8BC1-CEEEDA025B86}.Release|Any CPU.Build.0 = Release|Any CPU
	EndGlobalSection
	GlobalSection(SolutionProperties) = preSolution
		HideSolutionNode = FALSE
	EndGlobalSection
	GlobalSection(ExtensibilityGlobals) = postSolution
		SolutionGuid = {F70916A2-A7A6-44DB-B5A0-92F87A480EBC}
	EndGlobalSection
EndGlobal
