
Microsoft Visual Studio Solution File, Format Version 12.00
# Visual Studio 15
VisualStudioVersion = 15.0.27703.2042
MinimumVisualStudioVersion = 10.0.40219.1
Project("{FAE04EC0-301F-11D3-BF4B-00C04F79EFBC}") = "WebApi2Controller", "WebApi2Controller\WebApi2Controller.csproj", "{BA0BAA2B-182D-4D6E-90C4-15F3E09597D6}"
EndProject
Global
	GlobalSection(SolutionConfigurationPlatforms) = preSolution
		Debug|Any CPU = Debug|Any CPU
		Release|Any CPU = Release|Any CPU
	EndGlobalSection
	GlobalSection(ProjectConfigurationPlatforms) = postSolution
		{BA0BAA2B-182D-4D6E-90C4-15F3E09597D6}.Debug|Any CPU.ActiveCfg = Debug|Any CPU
		{BA0BAA2B-182D-4D6E-90C4-15F3E09597D6}.Debug|Any CPU.Build.0 = Debug|Any CPU
		{BA0BAA2B-182D-4D6E-90C4-15F3E09597D6}.Release|Any CPU.ActiveCfg = Release|Any CPU
		{BA0BAA2B-182D-4D6E-90C4-15F3E09597D6}.Release|Any CPU.Build.0 = Release|Any CPU
	EndGlobalSection
	GlobalSection(SolutionProperties) = preSolution
		HideSolutionNode = FALSE
	EndGlobalSection
	GlobalSection(ExtensibilityGlobals) = postSolution
		SolutionGuid = {E9316F68-3D4A-49C4-AEE6-925C1417F3ED}
	EndGlobalSection
EndGlobal
