
Microsoft Visual Studio Solution File, Format Version 12.00
# Visual Studio 15
VisualStudioVersion = 15.0.27703.2042
MinimumVisualStudioVersion = 10.0.40219.1
Project("{FAE04EC0-301F-11D3-BF4B-00C04F79EFBC}") = "Övning 2.3", "Övning 2.3\Övning 2.3.csproj", "{E5E87F61-2CFE-4FCD-9C79-0B8616372B44}"
EndProject
Global
	GlobalSection(SolutionConfigurationPlatforms) = preSolution
		Debug|Any CPU = Debug|Any CPU
		Release|Any CPU = Release|Any CPU
	EndGlobalSection
	GlobalSection(ProjectConfigurationPlatforms) = postSolution
		{E5E87F61-2CFE-4FCD-9C79-0B8616372B44}.Debug|Any CPU.ActiveCfg = Debug|Any CPU
		{E5E87F61-2CFE-4FCD-9C79-0B8616372B44}.Debug|Any CPU.Build.0 = Debug|Any CPU
		{E5E87F61-2CFE-4FCD-9C79-0B8616372B44}.Release|Any CPU.ActiveCfg = Release|Any CPU
		{E5E87F61-2CFE-4FCD-9C79-0B8616372B44}.Release|Any CPU.Build.0 = Release|Any CPU
	EndGlobalSection
	GlobalSection(SolutionProperties) = preSolution
		HideSolutionNode = FALSE
	EndGlobalSection
	GlobalSection(ExtensibilityGlobals) = postSolution
		SolutionGuid = {73302A5A-2162-452F-BC52-D625AA02769A}
	EndGlobalSection
EndGlobal
