
Microsoft Visual Studio Solution File, Format Version 12.00
# Visual Studio 15
VisualStudioVersion = 15.0.27703.2042
MinimumVisualStudioVersion = 10.0.40219.1
Project("{FAE04EC0-301F-11D3-BF4B-00C04F79EFBC}") = "Checkpoint(provar igen)", "Checkpoint(provar igen)\Checkpoint(provar igen).csproj", "{F355660C-D8E1-4BA7-9FE4-08BF468E39A1}"
EndProject
Global
	GlobalSection(SolutionConfigurationPlatforms) = preSolution
		Debug|Any CPU = Debug|Any CPU
		Release|Any CPU = Release|Any CPU
	EndGlobalSection
	GlobalSection(ProjectConfigurationPlatforms) = postSolution
		{F355660C-D8E1-4BA7-9FE4-08BF468E39A1}.Debug|Any CPU.ActiveCfg = Debug|Any CPU
		{F355660C-D8E1-4BA7-9FE4-08BF468E39A1}.Debug|Any CPU.Build.0 = Debug|Any CPU
		{F355660C-D8E1-4BA7-9FE4-08BF468E39A1}.Release|Any CPU.ActiveCfg = Release|Any CPU
		{F355660C-D8E1-4BA7-9FE4-08BF468E39A1}.Release|Any CPU.Build.0 = Release|Any CPU
	EndGlobalSection
	GlobalSection(SolutionProperties) = preSolution
		HideSolutionNode = FALSE
	EndGlobalSection
	GlobalSection(ExtensibilityGlobals) = postSolution
		SolutionGuid = {E7C389FB-B491-43AD-898B-C9BBD60AB41C}
	EndGlobalSection
EndGlobal
