
Microsoft Visual Studio Solution File, Format Version 12.00
# Visual Studio 15
VisualStudioVersion = 15.0.27703.2042
MinimumVisualStudioVersion = 10.0.40219.1
Project("{FAE04EC0-301F-11D3-BF4B-00C04F79EFBC}") = "6.5 Get Accessor", "6.5 Get Accessor\6.5 Get Accessor.csproj", "{B1725D9D-FE81-445F-A0B6-D800E05F1CE0}"
EndProject
Global
	GlobalSection(SolutionConfigurationPlatforms) = preSolution
		Debug|Any CPU = Debug|Any CPU
		Release|Any CPU = Release|Any CPU
	EndGlobalSection
	GlobalSection(ProjectConfigurationPlatforms) = postSolution
		{B1725D9D-FE81-445F-A0B6-D800E05F1CE0}.Debug|Any CPU.ActiveCfg = Debug|Any CPU
		{B1725D9D-FE81-445F-A0B6-D800E05F1CE0}.Debug|Any CPU.Build.0 = Debug|Any CPU
		{B1725D9D-FE81-445F-A0B6-D800E05F1CE0}.Release|Any CPU.ActiveCfg = Release|Any CPU
		{B1725D9D-FE81-445F-A0B6-D800E05F1CE0}.Release|Any CPU.Build.0 = Release|Any CPU
	EndGlobalSection
	GlobalSection(SolutionProperties) = preSolution
		HideSolutionNode = FALSE
	EndGlobalSection
	GlobalSection(ExtensibilityGlobals) = postSolution
		SolutionGuid = {A2E17742-DC3A-4F6E-A61A-FDA804952D4C}
	EndGlobalSection
EndGlobal
