
Microsoft Visual Studio Solution File, Format Version 12.00
# Visual Studio 15
VisualStudioVersion = 15.0.27703.2042
MinimumVisualStudioVersion = 10.0.40219.1
Project("{FAE04EC0-301F-11D3-BF4B-00C04F79EFBC}") = "Omprov2", "Omprov2\Omprov2.csproj", "{0A16990C-C9FD-4066-8129-6959540A37AB}"
EndProject
Global
	GlobalSection(SolutionConfigurationPlatforms) = preSolution
		Debug|Any CPU = Debug|Any CPU
		Release|Any CPU = Release|Any CPU
	EndGlobalSection
	GlobalSection(ProjectConfigurationPlatforms) = postSolution
		{0A16990C-C9FD-4066-8129-6959540A37AB}.Debug|Any CPU.ActiveCfg = Debug|Any CPU
		{0A16990C-C9FD-4066-8129-6959540A37AB}.Debug|Any CPU.Build.0 = Debug|Any CPU
		{0A16990C-C9FD-4066-8129-6959540A37AB}.Release|Any CPU.ActiveCfg = Release|Any CPU
		{0A16990C-C9FD-4066-8129-6959540A37AB}.Release|Any CPU.Build.0 = Release|Any CPU
	EndGlobalSection
	GlobalSection(SolutionProperties) = preSolution
		HideSolutionNode = FALSE
	EndGlobalSection
	GlobalSection(ExtensibilityGlobals) = postSolution
		SolutionGuid = {564C989D-347E-492A-937F-F36E4EF5511F}
	EndGlobalSection
EndGlobal
