
Microsoft Visual Studio Solution File, Format Version 12.00
# Visual Studio 15
VisualStudioVersion = 15.0.27703.2042
MinimumVisualStudioVersion = 10.0.40219.1
Project("{FAE04EC0-301F-11D3-BF4B-00C04F79EFBC}") = "checkpoint 2 Rum igen", "checkpoint 2 Rum igen\checkpoint 2 Rum igen.csproj", "{EC6EDF30-0766-4793-B187-69F0E1D4C245}"
EndProject
Global
	GlobalSection(SolutionConfigurationPlatforms) = preSolution
		Debug|Any CPU = Debug|Any CPU
		Release|Any CPU = Release|Any CPU
	EndGlobalSection
	GlobalSection(ProjectConfigurationPlatforms) = postSolution
		{EC6EDF30-0766-4793-B187-69F0E1D4C245}.Debug|Any CPU.ActiveCfg = Debug|Any CPU
		{EC6EDF30-0766-4793-B187-69F0E1D4C245}.Debug|Any CPU.Build.0 = Debug|Any CPU
		{EC6EDF30-0766-4793-B187-69F0E1D4C245}.Release|Any CPU.ActiveCfg = Release|Any CPU
		{EC6EDF30-0766-4793-B187-69F0E1D4C245}.Release|Any CPU.Build.0 = Release|Any CPU
	EndGlobalSection
	GlobalSection(SolutionProperties) = preSolution
		HideSolutionNode = FALSE
	EndGlobalSection
	GlobalSection(ExtensibilityGlobals) = postSolution
		SolutionGuid = {12558994-1050-49AD-A2A6-5999974F8F01}
	EndGlobalSection
EndGlobal
