
Microsoft Visual Studio Solution File, Format Version 12.00
# Visual Studio 15
VisualStudioVersion = 15.0.27703.2042
MinimumVisualStudioVersion = 10.0.40219.1
Project("{FAE04EC0-301F-11D3-BF4B-00C04F79EFBC}") = "6.2 Create Cubes", "6.2 Create Cubes\6.2 Create Cubes.csproj", "{55C0373B-EC68-48BE-A644-C08496693B1C}"
EndProject
Global
	GlobalSection(SolutionConfigurationPlatforms) = preSolution
		Debug|Any CPU = Debug|Any CPU
		Release|Any CPU = Release|Any CPU
	EndGlobalSection
	GlobalSection(ProjectConfigurationPlatforms) = postSolution
		{55C0373B-EC68-48BE-A644-C08496693B1C}.Debug|Any CPU.ActiveCfg = Debug|Any CPU
		{55C0373B-EC68-48BE-A644-C08496693B1C}.Debug|Any CPU.Build.0 = Debug|Any CPU
		{55C0373B-EC68-48BE-A644-C08496693B1C}.Release|Any CPU.ActiveCfg = Release|Any CPU
		{55C0373B-EC68-48BE-A644-C08496693B1C}.Release|Any CPU.Build.0 = Release|Any CPU
	EndGlobalSection
	GlobalSection(SolutionProperties) = preSolution
		HideSolutionNode = FALSE
	EndGlobalSection
	GlobalSection(ExtensibilityGlobals) = postSolution
		SolutionGuid = {8BBFD22B-C47D-47B6-9E14-9A566C3F79DE}
	EndGlobalSection
EndGlobal
