
Microsoft Visual Studio Solution File, Format Version 12.00
# Visual Studio 15
VisualStudioVersion = 15.0.27703.2042
MinimumVisualStudioVersion = 10.0.40219.1
Project("{FAE04EC0-301F-11D3-BF4B-00C04F79EFBC}") = "ForFor", "ForFor\ForFor.csproj", "{913C4C0E-A297-43FF-AA08-025D688360B8}"
EndProject
Global
	GlobalSection(SolutionConfigurationPlatforms) = preSolution
		Debug|Any CPU = Debug|Any CPU
		Release|Any CPU = Release|Any CPU
	EndGlobalSection
	GlobalSection(ProjectConfigurationPlatforms) = postSolution
		{913C4C0E-A297-43FF-AA08-025D688360B8}.Debug|Any CPU.ActiveCfg = Debug|Any CPU
		{913C4C0E-A297-43FF-AA08-025D688360B8}.Debug|Any CPU.Build.0 = Debug|Any CPU
		{913C4C0E-A297-43FF-AA08-025D688360B8}.Release|Any CPU.ActiveCfg = Release|Any CPU
		{913C4C0E-A297-43FF-AA08-025D688360B8}.Release|Any CPU.Build.0 = Release|Any CPU
	EndGlobalSection
	GlobalSection(SolutionProperties) = preSolution
		HideSolutionNode = FALSE
	EndGlobalSection
	GlobalSection(ExtensibilityGlobals) = postSolution
		SolutionGuid = {5AF5BF57-EC2D-4116-B611-86676F630DA6}
	EndGlobalSection
EndGlobal
